{
  "name": "discord-relay",
  "version": "1.0.1",
  "lockfileVersion": 2,
  "requires": true,
  "packages": {
    "": {
      "name": "discord-relay",
      "version": "1.0.1",
      "license": "MIT",
      "dependencies": {
        "simple-discord-webhooks": "^1.0.1"
      },
      "devDependencies": {}
    },
    "node_modules/@aero/centra": {
      "version": "1.0.6",
      "resolved": "https://registry.npmjs.org/@aero/centra/-/centra-1.0.6.tgz",
      "integrity": "sha512-e7sUh/VjugT8LsHb4/hcbmhaVVi9deWWPQnlMnU0RAnF8+iCdGdCcKvoHnDNl/ELykwjpbKpBYbWPx0yKZaDpw=="
    },
    "node_modules/simple-discord-webhooks": {
      "version": "1.0.1",
      "resolved": "https://registry.npmjs.org/simple-discord-webhooks/-/simple-discord-webhooks-1.0.1.tgz",
      "integrity": "sha512-TywZCgtzDTv+KXwg6vzN3hJ9/UWtXsA5ONbQNw5mlPzGCY1AKk8SHEC+SHe3JgEpSaqWdcYquVuB1QE+Eb9YQw==",
      "dependencies": {
        "@aero/centra": "^1.0.6"
      }
    }
  },
  "dependencies": {
    "@aero/centra": {
      "version": "1.0.6",
      "resolved": "https://registry.npmjs.org/@aero/centra/-/centra-1.0.6.tgz",
      "integrity": "sha512-e7sUh/VjugT8LsHb4/hcbmhaVVi9deWWPQnlMnU0RAnF8+iCdGdCcKvoHnDNl/ELykwjpbKpBYbWPx0yKZaDpw=="
    },
    "simple-discord-webhooks": {
      "version": "1.0.1",
      "resolved": "https://registry.npmjs.org/simple-discord-webhooks/-/simple-discord-webhooks-1.0.1.tgz",
      "integrity": "sha512-TywZCgtzDTv+KXwg6vzN3hJ9/UWtXsA5ONbQNw5mlPzGCY1AKk8SHEC+SHe3JgEpSaqWdcYquVuB1QE+Eb9YQw==",
      "requires": {
        "@aero/centra": "^1.0.6"
      }
    }
  }
}
